// !$*UTF8*$!
{
	archiveVersion = 1;
	classes = {
	};
	objectVersion = 46;
	objects = {

/* Begin PBXBuildFile section */
		681E4B5A1C96581D10EA4E0C /* libPods-CoreDataFun.a in Frameworks */ = {isa = PBXBuildFile; fileRef = C46D98505C121E803EF5683E /* libPods-CoreDataFun.a */; };
		81EC3F171B6A9B4D0076EE5F /* main.m in Sources */ = {isa = PBXBuildFile; fileRef = 81EC3F161B6A9B4D0076EE5F /* main.m */; };
		81EC3F1A1B6A9B4D0076EE5F /* AppDelegate.m in Sources */ = {isa = PBXBuildFile; fileRef = 81EC3F191B6A9B4D0076EE5F /* AppDelegate.m */; };
		81EC3F1D1B6A9B4D0076EE5F /* CoreDataFun.xcdatamodeld in Sources */ = {isa = PBXBuildFile; fileRef = 81EC3F1B1B6A9B4D0076EE5F /* CoreDataFun.xcdatamodeld */; };
		81EC3F231B6A9B4D0076EE5F /* Main.storyboard in Resources */ = {isa = PBXBuildFile; fileRef = 81EC3F211B6A9B4D0076EE5F /* Main.storyboard */; };
		81EC3F251B6A9B4D0076EE5F /* Images.xcassets in Resources */ = {isa = PBXBuildFile; fileRef = 81EC3F241B6A9B4D0076EE5F /* Images.xcassets */; };
		81EC3F281B6A9B4D0076EE5F /* LaunchScreen.xib in Resources */ = {isa = PBXBuildFile; fileRef = 81EC3F261B6A9B4D0076EE5F /* LaunchScreen.xib */; };
		81EC3F4A1B6A9DAF0076EE5F /* Cart.m in Sources */ = {isa = PBXBuildFile; fileRef = 81EC3F491B6A9DAF0076EE5F /* Cart.m */; };
		81EC3F541B6AA3170076EE5F /* ProductProvider.m in Sources */ = {isa = PBXBuildFile; fileRef = 81EC3F531B6AA3170076EE5F /* ProductProvider.m */; };
		81EC3F561B6AA5430076EE5F /* config.plist in Resources */ = {isa = PBXBuildFile; fileRef = 81EC3F551B6AA5430076EE5F /* config.plist */; };
		81EC3F601B6AB2530076EE5F /* Product.m in Sources */ = {isa = PBXBuildFile; fileRef = 81EC3F5F1B6AB2530076EE5F /* Product.m */; };
		81EC3F651B6AB5F30076EE5F /* ProductTableViewController.m in Sources */ = {isa = PBXBuildFile; fileRef = 81EC3F641B6AB5F30076EE5F /* ProductTableViewController.m */; };
		81EC3F6A1B6AB7340076EE5F /* ProductTableViewCell.m in Sources */ = {isa = PBXBuildFile; fileRef = 81EC3F681B6AB7340076EE5F /* ProductTableViewCell.m */; };
		81EC3F6B1B6AB7340076EE5F /* ProductTableViewCell.xib in Resources */ = {isa = PBXBuildFile; fileRef = 81EC3F691B6AB7340076EE5F /* ProductTableViewCell.xib */; };
/* End PBXBuildFile section */

/* Begin PBXFileReference section */
		806C248435BFA10F4B4DDEBF /* Pods-CoreDataFun.release.xcconfig */ = {isa = PBXFileReference; includeInIndex = 1; lastKnownFileType = text.xcconfig; name = "Pods-CoreDataFun.release.xcconfig"; path = "Pods/Target Support Files/Pods-CoreDataFun/Pods-CoreDataFun.release.xcconfig"; sourceTree = "<group>"; };
		81EC3F111B6A9B4D0076EE5F /* CoreDataFun.app */ = {isa = PBXFileReference; explicitFileType = wrapper.application; includeInIndex = 0; path = CoreDataFun.app; sourceTree = BUILT_PRODUCTS_DIR; };
		81EC3F151B6A9B4D0076EE5F /* Info.plist */ = {isa = PBXFileReference; lastKnownFileType = text.plist.xml; path = Info.plist; sourceTree = "<group>"; };
		81EC3F161B6A9B4D0076EE5F /* main.m */ = {isa = PBXFileReference; lastKnownFileType = sourcecode.c.objc; path = main.m; sourceTree = "<group>"; };
		81EC3F181B6A9B4D0076EE5F /* AppDelegate.h */ = {isa = PBXFileReference; lastKnownFileType = sourcecode.c.h; path = AppDelegate.h; sourceTree = "<group>"; };
		81EC3F191B6A9B4D0076EE5F /* AppDelegate.m */ = {isa = PBXFileReference; lastKnownFileType = sourcecode.c.objc; path = AppDelegate.m; sourceTree = "<group>"; };
		81EC3F1C1B6A9B4D0076EE5F /* CoreDataFun.xcdatamodel */ = {isa = PBXFileReference; lastKnownFileType = wrapper.xcdatamodel; path = CoreDataFun.xcdatamodel; sourceTree = "<group>"; };
		81EC3F221B6A9B4D0076EE5F /* Base */ = {isa = PBXFileReference; lastKnownFileType = file.storyboard; name = Base; path = Base.lproj/Main.storyboard; sourceTree = "<group>"; };
		81EC3F241B6A9B4D0076EE5F /* Images.xcassets */ = {isa = PBXFileReference; lastKnownFileType = folder.assetcatalog; path = Images.xcassets; sourceTree = "<group>"; };
		81EC3F271B6A9B4D0076EE5F /* Base */ = {isa = PBXFileReference; lastKnownFileType = file.xib; name = Base; path = Base.lproj/LaunchScreen.xib; sourceTree = "<group>"; };
		81EC3F481B6A9DAF0076EE5F /* Cart.h */ = {isa = PBXFileReference; fileEncoding = 4; lastKnownFileType = sourcecode.c.h; name = Cart.h; path = Data/Model/Cart.h; sourceTree = "<group>"; };
		81EC3F491B6A9DAF0076EE5F /* Cart.m */ = {isa = PBXFileReference; fileEncoding = 4; lastKnownFileType = sourcecode.c.objc; name = Cart.m; path = Data/Model/Cart.m; sourceTree = "<group>"; };
		81EC3F521B6AA3170076EE5F /* ProductProvider.h */ = {isa = PBXFileReference; fileEncoding = 4; lastKnownFileType = sourcecode.c.h; name = ProductProvider.h; path = Data/Provider/ProductProvider.h; sourceTree = "<group>"; };
		81EC3F531B6AA3170076EE5F /* ProductProvider.m */ = {isa = PBXFileReference; fileEncoding = 4; lastKnownFileType = sourcecode.c.objc; name = ProductProvider.m; path = Data/Provider/ProductProvider.m; sourceTree = "<group>"; };
		81EC3F551B6AA5430076EE5F /* config.plist */ = {isa = PBXFileReference; fileEncoding = 4; lastKnownFileType = text.plist.xml; path = config.plist; sourceTree = "<group>"; };
		81EC3F5E1B6AB2530076EE5F /* Product.h */ = {isa = PBXFileReference; fileEncoding = 4; lastKnownFileType = sourcecode.c.h; name = Product.h; path = Data/Model/Product.h; sourceTree = "<group>"; };
		81EC3F5F1B6AB2530076EE5F /* Product.m */ = {isa = PBXFileReference; fileEncoding = 4; lastKnownFileType = sourcecode.c.objc; name = Product.m; path = Data/Model/Product.m; sourceTree = "<group>"; };
		81EC3F631B6AB5F30076EE5F /* ProductTableViewController.h */ = {isa = PBXFileReference; fileEncoding = 4; lastKnownFileType = sourcecode.c.h; name = ProductTableViewController.h; path = UI/Controller/ProductTableViewController.h; sourceTree = "<group>"; };
		81EC3F641B6AB5F30076EE5F /* ProductTableViewController.m */ = {isa = PBXFileReference; fileEncoding = 4; lastKnownFileType = sourcecode.c.objc; name = ProductTableViewController.m; path = UI/Controller/ProductTableViewController.m; sourceTree = "<group>"; };
		81EC3F671B6AB7340076EE5F /* ProductTableViewCell.h */ = {isa = PBXFileReference; fileEncoding = 4; lastKnownFileType = sourcecode.c.h; name = ProductTableViewCell.h; path = UI/View/ProductTableViewCell.h; sourceTree = "<group>"; };
		81EC3F681B6AB7340076EE5F /* ProductTableViewCell.m */ = {isa = PBXFileReference; fileEncoding = 4; lastKnownFileType = sourcecode.c.objc; name = ProductTableViewCell.m; path = UI/View/ProductTableViewCell.m; sourceTree = "<group>"; };
		81EC3F691B6AB7340076EE5F /* ProductTableViewCell.xib */ = {isa = PBXFileReference; fileEncoding = 4; lastKnownFileType = file.xib; name = ProductTableViewCell.xib; path = UI/View/ProductTableViewCell.xib; sourceTree = "<group>"; };
		81EC3F6D1B6AC2790076EE5F /* Constants.h */ = {isa = PBXFileReference; lastKnownFileType = sourcecode.c.h; path = Constants.h; sourceTree = "<group>"; };
		AEF61AD564393647A77AF15A /* Pods-CoreDataFun.debug.xcconfig */ = {isa = PBXFileReference; includeInIndex = 1; lastKnownFileType = text.xcconfig; name = "Pods-CoreDataFun.debug.xcconfig"; path = "Pods/Target Support Files/Pods-CoreDataFun/Pods-CoreDataFun.debug.xcconfig"; sourceTree = "<group>"; };
		C46D98505C121E803EF5683E /* libPods-CoreDataFun.a */ = {isa = PBXFileReference; explicitFileType = archive.ar; includeInIndex = 0; path = "libPods-CoreDataFun.a"; sourceTree = BUILT_PRODUCTS_DIR; };
/* End PBXFileReference section */

/* Begin PBXFrameworksBuildPhase section */
		81EC3F0E1B6A9B4D0076EE5F /* Frameworks */ = {
			isa = PBXFrameworksBuildPhase;
			buildActionMask = 2147483647;
			files = (
				681E4B5A1C96581D10EA4E0C /* libPods-CoreDataFun.a in Frameworks */,
			);
			runOnlyForDeploymentPostprocessing = 0;
		};
/* End PBXFrameworksBuildPhase section */

/* Begin PBXGroup section */
		81825756650DE824E11345BB /* Pods */ = {
			isa = PBXGroup;
			children = (
				AEF61AD564393647A77AF15A /* Pods-CoreDataFun.debug.xcconfig */,
				806C248435BFA10F4B4DDEBF /* Pods-CoreDataFun.release.xcconfig */,
			);
			name = Pods;
			sourceTree = "<group>";
		};
		81EC3F081B6A9B4C0076EE5F = {
			isa = PBXGroup;
			children = (
				81EC3F131B6A9B4D0076EE5F /* CoreDataFun */,
				81EC3F121B6A9B4D0076EE5F /* Products */,
				81825756650DE824E11345BB /* Pods */,
				9FEB17E8108AEC43D92D5E04 /* Frameworks */,
			);
			sourceTree = "<group>";
		};
		81EC3F121B6A9B4D0076EE5F /* Products */ = {
			isa = PBXGroup;
			children = (
				81EC3F111B6A9B4D0076EE5F /* CoreDataFun.app */,
			);
			name = Products;
			sourceTree = "<group>";
		};
		81EC3F131B6A9B4D0076EE5F /* CoreDataFun */ = {
			isa = PBXGroup;
			children = (
				81EC3F611B6AB5D60076EE5F /* UI */,
				81EC3F3D1B6A9C190076EE5F /* Data */,
				81EC3F181B6A9B4D0076EE5F /* AppDelegate.h */,
				81EC3F191B6A9B4D0076EE5F /* AppDelegate.m */,
				81EC3F211B6A9B4D0076EE5F /* Main.storyboard */,
				81EC3F241B6A9B4D0076EE5F /* Images.xcassets */,
				81EC3F261B6A9B4D0076EE5F /* LaunchScreen.xib */,
				81EC3F141B6A9B4D0076EE5F /* Supporting Files */,
				81EC3F551B6AA5430076EE5F /* config.plist */,
				81EC3F6D1B6AC2790076EE5F /* Constants.h */,
			);
			path = CoreDataFun;
			sourceTree = "<group>";
		};
		81EC3F141B6A9B4D0076EE5F /* Supporting Files */ = {
			isa = PBXGroup;
			children = (
				81EC3F151B6A9B4D0076EE5F /* Info.plist */,
				81EC3F161B6A9B4D0076EE5F /* main.m */,
			);
			name = "Supporting Files";
			sourceTree = "<group>";
		};
		81EC3F3D1B6A9C190076EE5F /* Data */ = {
			isa = PBXGroup;
			children = (
				81EC3F511B6AA2F60076EE5F /* Provider */,
				81EC3F441B6A9D910076EE5F /* Model */,
				81EC3F1B1B6A9B4D0076EE5F /* CoreDataFun.xcdatamodeld */,
			);
			name = Data;
			sourceTree = "<group>";
		};
		81EC3F441B6A9D910076EE5F /* Model */ = {
			isa = PBXGroup;
			children = (
				81EC3F5E1B6AB2530076EE5F /* Product.h */,
				81EC3F5F1B6AB2530076EE5F /* Product.m */,
				81EC3F481B6A9DAF0076EE5F /* Cart.h */,
				81EC3F491B6A9DAF0076EE5F /* Cart.m */,
			);
			name = Model;
			sourceTree = "<group>";
		};
		81EC3F511B6AA2F60076EE5F /* Provider */ = {
			isa = PBXGroup;
			children = (
				81EC3F521B6AA3170076EE5F /* ProductProvider.h */,
				81EC3F531B6AA3170076EE5F /* ProductProvider.m */,
			);
			name = Provider;
			sourceTree = "<group>";
		};
		81EC3F611B6AB5D60076EE5F /* UI */ = {
			isa = PBXGroup;
			children = (
				81EC3F661B6AB6F40076EE5F /* View */,
				81EC3F621B6AB5DB0076EE5F /* Controller */,
			);
			name = UI;
			sourceTree = "<group>";
		};
		81EC3F621B6AB5DB0076EE5F /* Controller */ = {
			isa = PBXGroup;
			children = (
				81EC3F631B6AB5F30076EE5F /* ProductTableViewController.h */,
				81EC3F641B6AB5F30076EE5F /* ProductTableViewController.m */,
			);
			name = Controller;
			sourceTree = "<group>";
		};
		81EC3F661B6AB6F40076EE5F /* View */ = {
			isa = PBXGroup;
			children = (
				81EC3F671B6AB7340076EE5F /* ProductTableViewCell.h */,
				81EC3F681B6AB7340076EE5F /* ProductTableViewCell.m */,
				81EC3F691B6AB7340076EE5F /* ProductTableViewCell.xib */,
			);
			name = View;
			sourceTree = "<group>";
		};
		9FEB17E8108AEC43D92D5E04 /* Frameworks */ = {
			isa = PBXGroup;
			children = (
				C46D98505C121E803EF5683E /* libPods-CoreDataFun.a */,
			);
			name = Frameworks;
			sourceTree = "<group>";
		};
/* End PBXGroup section */

/* Begin PBXNativeTarget section */
		81EC3F101B6A9B4D0076EE5F /* CoreDataFun */ = {
			isa = PBXNativeTarget;
			buildConfigurationList = 81EC3F371B6A9B4D0076EE5F /* Build configuration list for PBXNativeTarget "CoreDataFun" */;
			buildPhases = (
				63A97DEED36433361B622C4C /* Check Pods Manifest.lock */,
				81EC3F0D1B6A9B4D0076EE5F /* Sources */,
				81EC3F0E1B6A9B4D0076EE5F /* Frameworks */,
				81EC3F0F1B6A9B4D0076EE5F /* Resources */,
				809A3517339A5CB37304F74E /* Copy Pods Resources */,
			);
			buildRules = (
			);
			dependencies = (
			);
			name = CoreDataFun;
			productName = CoreDataFun;
			productReference = 81EC3F111B6A9B4D0076EE5F /* CoreDataFun.app */;
			productType = "com.apple.product-type.application";
		};
/* End PBXNativeTarget section */

/* Begin PBXProject section */
		81EC3F091B6A9B4D0076EE5F /* Project object */ = {
			isa = PBXProject;
			attributes = {
				LastUpgradeCheck = 0640;
				ORGANIZATIONNAME = "Ivan Fabijanović";
				TargetAttributes = {
					81EC3F101B6A9B4D0076EE5F = {
						CreatedOnToolsVersion = 6.4;
					};
				};
			};
			buildConfigurationList = 81EC3F0C1B6A9B4D0076EE5F /* Build configuration list for PBXProject "CoreDataFun" */;
			compatibilityVersion = "Xcode 3.2";
			developmentRegion = English;
			hasScannedForEncodings = 0;
			knownRegions = (
				en,
				Base,
			);
			mainGroup = 81EC3F081B6A9B4C0076EE5F;
			productRefGroup = 81EC3F121B6A9B4D0076EE5F /* Products */;
			projectDirPath = "";
			projectRoot = "";
			targets = (
				81EC3F101B6A9B4D0076EE5F /* CoreDataFun */,
			);
		};
/* End PBXProject section */

/* Begin PBXResourcesBuildPhase section */
		81EC3F0F1B6A9B4D0076EE5F /* Resources */ = {
			isa = PBXResourcesBuildPhase;
			buildActionMask = 2147483647;
			files = (
				81EC3F561B6AA5430076EE5F /* config.plist in Resources */,
				81EC3F231B6A9B4D0076EE5F /* Main.storyboard in Resources */,
				81EC3F6B1B6AB7340076EE5F /* ProductTableViewCell.xib in Resources */,
				81EC3F281B6A9B4D0076EE5F /* LaunchScreen.xib in Resources */,
				81EC3F251B6A9B4D0076EE5F /* Images.xcassets in Resources */,
			);
			runOnlyForDeploymentPostprocessing = 0;
		};
/* End PBXResourcesBuildPhase section */

/* Begin PBXShellScriptBuildPhase section */
		63A97DEED36433361B622C4C /* Check Pods Manifest.lock */ = {
			isa = PBXShellScriptBuildPhase;
			buildActionMask = 2147483647;
			files = (
			);
			inputPaths = (
			);
			name = "Check Pods Manifest.lock";
			outputPaths = (
			);
			runOnlyForDeploymentPostprocessing = 0;
			shellPath = /bin/sh;
			shellScript = "diff \"${PODS_ROOT}/../Podfile.lock\" \"${PODS_ROOT}/Manifest.lock\" > /dev/null\nif [[ $? != 0 ]] ; then\n    cat << EOM\nerror: The sandbox is not in sync with the Podfile.lock. Run 'pod install' or update your CocoaPods installation.\nEOM\n    exit 1\nfi\n";
			showEnvVarsInLog = 0;
		};
		809A3517339A5CB37304F74E /* Copy Pods Resources */ = {
			isa = PBXShellScriptBuildPhase;
			buildActionMask = 2147483647;
			files = (
			);
			inputPaths = (
			);
			name = "Copy Pods Resources";
			outputPaths = (
			);
			runOnlyForDeploymentPostprocessing = 0;
			shellPath = /bin/sh;
			shellScript = "\"${SRCROOT}/Pods/Target Support Files/Pods-CoreDataFun/Pods-CoreDataFun-resources.sh\"\n";
			showEnvVarsInLog = 0;
		};
/* End PBXShellScriptBuildPhase section */

/* Begin PBXSourcesBuildPhase section */
		81EC3F0D1B6A9B4D0076EE5F /* Sources */ = {
			isa = PBXSourcesBuildPhase;
			buildActionMask = 2147483647;
			files = (
				81EC3F601B6AB2530076EE5F /* Product.m in Sources */,
				81EC3F1D1B6A9B4D0076EE5F /* CoreDataFun.xcdatamodeld in Sources */,
				81EC3F651B6AB5F30076EE5F /* ProductTableViewController.m in Sources */,
				81EC3F4A1B6A9DAF0076EE5F /* Cart.m in Sources */,
				81EC3F1A1B6A9B4D0076EE5F /* AppDelegate.m in Sources */,
				81EC3F6A1B6AB7340076EE5F /* ProductTableViewCell.m in Sources */,
				81EC3F541B6AA3170076EE5F /* ProductProvider.m in Sources */,
				81EC3F171B6A9B4D0076EE5F /* main.m in Sources */,
			);
			runOnlyForDeploymentPostprocessing = 0;
		};
/* End PBXSourcesBuildPhase section */

/* Begin PBXVariantGroup section */
		81EC3F211B6A9B4D0076EE5F /* Main.storyboard */ = {
			isa = PBXVariantGroup;
			children = (
				81EC3F221B6A9B4D0076EE5F /* Base */,
			);
			name = Main.storyboard;
			sourceTree = "<group>";
		};
		81EC3F261B6A9B4D0076EE5F /* LaunchScreen.xib */ = {
			isa = PBXVariantGroup;
			children = (
				81EC3F271B6A9B4D0076EE5F /* Base */,
			);
			name = LaunchScreen.xib;
			sourceTree = "<group>";
		};
/* End PBXVariantGroup section */

/* Begin XCBuildConfiguration section */
		81EC3F351B6A9B4D0076EE5F /* Debug */ = {
			isa = XCBuildConfiguration;
			buildSettings = {
				ALWAYS_SEARCH_USER_PATHS = NO;
				CLANG_CXX_LANGUAGE_STANDARD = "gnu++0x";
				CLANG_CXX_LIBRARY = "libc++";
				CLANG_ENABLE_MODULES = YES;
				CLANG_ENABLE_OBJC_ARC = YES;
				CLANG_WARN_BOOL_CONVERSION = YES;
				CLANG_WARN_CONSTANT_CONVERSION = YES;
				CLANG_WARN_DIRECT_OBJC_ISA_USAGE = YES_ERROR;
				CLANG_WARN_EMPTY_BODY = YES;
				CLANG_WARN_ENUM_CONVERSION = YES;
				CLANG_WARN_INT_CONVERSION = YES;
				CLANG_WARN_OBJC_ROOT_CLASS = YES_ERROR;
				CLANG_WARN_UNREACHABLE_CODE = YES;
				CLANG_WARN__DUPLICATE_METHOD_MATCH = YES;
				"CODE_SIGN_IDENTITY[sdk=iphoneos*]" = "iPhone Developer";
				COPY_PHASE_STRIP = NO;
				DEBUG_INFORMATION_FORMAT = "dwarf-with-dsym";
				ENABLE_STRICT_OBJC_MSGSEND = YES;
				GCC_C_LANGUAGE_STANDARD = gnu99;
				GCC_DYNAMIC_NO_PIC = NO;
				GCC_NO_COMMON_BLOCKS = YES;
				GCC_OPTIMIZATION_LEVEL = 0;
				GCC_PREPROCESSOR_DEFINITIONS = (
					"DEBUG=1",
					"$(inherited)",
				);
				GCC_SYMBOLS_PRIVATE_EXTERN = NO;
				GCC_WARN_64_TO_32_BIT_CONVERSION = YES;
				GCC_WARN_ABOUT_RETURN_TYPE = YES_ERROR;
				GCC_WARN_UNDECLARED_SELECTOR = YES;
				GCC_WARN_UNINITIALIZED_AUTOS = YES_AGGRESSIVE;
				GCC_WARN_UNUSED_FUNCTION = YES;
				GCC_WARN_UNUSED_VARIABLE = YES;
				IPHONEOS_DEPLOYMENT_TARGET = 8.4;
				MTL_ENABLE_DEBUG_INFO = YES;
				ONLY_ACTIVE_ARCH = YES;
				SDKROOT = iphoneos;
				TARGETED_DEVICE_FAMILY = "1,2";
			};
			name = Debug;
		};
		81EC3F361B6A9B4D0076EE5F /* Release */ = {
			isa = XCBuildConfiguration;
			buildSettings = {
				ALWAYS_SEARCH_USER_PATHS = NO;
				CLANG_CXX_LANGUAGE_STANDARD = "gnu++0x";
				CLANG_CXX_LIBRARY = "libc++";
				CLANG_ENABLE_MODULES = YES;
				CLANG_ENABLE_OBJC_ARC = YES;
				CLANG_WARN_BOOL_CONVERSION = YES;
				CLANG_WARN_CONSTANT_CONVERSION = YES;
				CLANG_WARN_DIRECT_OBJC_ISA_USAGE = YES_ERROR;
				CLANG_WARN_EMPTY_BODY = YES;
				CLANG_WARN_ENUM_CONVERSION = YES;
				CLANG_WARN_INT_CONVERSION = YES;
				CLANG_WARN_OBJC_ROOT_CLASS = YES_ERROR;
				CLANG_WARN_UNREACHABLE_CODE = YES;
				CLANG_WARN__DUPLICATE_METHOD_MATCH = YES;
				"CODE_SIGN_IDENTITY[sdk=iphoneos*]" = "iPhone Developer";
				COPY_PHASE_STRIP = NO;
				DEBUG_INFORMATION_FORMAT = "dwarf-with-dsym";
				ENABLE_NS_ASSERTIONS = NO;
				ENABLE_STRICT_OBJC_MSGSEND = YES;
				GCC_C_LANGUAGE_STANDARD = gnu99;
				GCC_NO_COMMON_BLOCKS = YES;
				GCC_WARN_64_TO_32_BIT_CONVERSION = YES;
				GCC_WARN_ABOUT_RETURN_TYPE = YES_ERROR;
				GCC_WARN_UNDECLARED_SELECTOR = YES;
				GCC_WARN_UNINITIALIZED_AUTOS = YES_AGGRESSIVE;
				GCC_WARN_UNUSED_FUNCTION = YES;
				GCC_WARN_UNUSED_VARIABLE = YES;
				IPHONEOS_DEPLOYMENT_TARGET = 8.4;
				MTL_ENABLE_DEBUG_INFO = NO;
				SDKROOT = iphoneos;
				TARGETED_DEVICE_FAMILY = "1,2";
				VALIDATE_PRODUCT = YES;
			};
			name = Release;
		};
		81EC3F381B6A9B4D0076EE5F /* Debug */ = {
			isa = XCBuildConfiguration;
			baseConfigurationReference = AEF61AD564393647A77AF15A /* Pods-CoreDataFun.debug.xcconfig */;
			buildSettings = {
				ASSETCATALOG_COMPILER_APPICON_NAME = AppIcon;
				INFOPLIST_FILE = CoreDataFun/Info.plist;
				LD_RUNPATH_SEARCH_PATHS = "$(inherited) @executable_path/Frameworks";
				PRODUCT_NAME = "$(TARGET_NAME)";
			};
			name = Debug;
		};
		81EC3F391B6A9B4D0076EE5F /* Release */ = {
			isa = XCBuildConfiguration;
			baseConfigurationReference = 806C248435BFA10F4B4DDEBF /* Pods-CoreDataFun.release.xcconfig */;
			buildSettings = {
				ASSETCATALOG_COMPILER_APPICON_NAME = AppIcon;
				INFOPLIST_FILE = CoreDataFun/Info.plist;
				LD_RUNPATH_SEARCH_PATHS = "$(inherited) @executable_path/Frameworks";
				PRODUCT_NAME = "$(TARGET_NAME)";
			};
			name = Release;
		};
/* End XCBuildConfiguration section */

/* Begin XCConfigurationList section */
		81EC3F0C1B6A9B4D0076EE5F /* Build configuration list for PBXProject "CoreDataFun" */ = {
			isa = XCConfigurationList;
			buildConfigurations = (
				81EC3F351B6A9B4D0076EE5F /* Debug */,
				81EC3F361B6A9B4D0076EE5F /* Release */,
			);
			defaultConfigurationIsVisible = 0;
			defaultConfigurationName = Release;
		};
		81EC3F371B6A9B4D0076EE5F /* Build configuration list for PBXNativeTarget "CoreDataFun" */ = {
			isa = XCConfigurationList;
			buildConfigurations = (
				81EC3F381B6A9B4D0076EE5F /* Debug */,
				81EC3F391B6A9B4D0076EE5F /* Release */,
			);
			defaultConfigurationIsVisible = 0;
			defaultConfigurationName = Release;
		};
/* End XCConfigurationList section */

/* Begin XCVersionGroup section */
		81EC3F1B1B6A9B4D0076EE5F /* CoreDataFun.xcdatamodeld */ = {
			isa = XCVersionGroup;
			children = (
				81EC3F1C1B6A9B4D0076EE5F /* CoreDataFun.xcdatamodel */,
			);
			currentVersion = 81EC3F1C1B6A9B4D0076EE5F /* CoreDataFun.xcdatamodel */;
			path = CoreDataFun.xcdatamodeld;
			sourceTree = "<group>";
			versionGroupType = wrapper.xcdatamodel;
		};
/* End XCVersionGroup section */
	};
	rootObject = 81EC3F091B6A9B4D0076EE5F /* Project object */;
}
